dependencies:
  espressif/led_strip:
    component_hash: ed1d5c6113fa545e20c7be17e6e7c09d43b18fcb43068e2b2b27a412de6a405a
    source:
      service_url: https://api.components.espressif.com/
      type: service
    version: 2.5.2
  idf:
    component_hash: null
    source:
      type: idf
    version: 5.3.0
manifest_hash: 57d95149ba131e418ee26fb06e47f8c9749fec3498b064bd3491d1be5c06bf6c
target: esp32s3
version: 1.0.0
